
Microsoft Visual Studio Solution File, Format Version 12.00
# Visual Studio Version 17
VisualStudioVersion = 17.5.002.0
MinimumVisualStudioVersion = 10.0.40219.1
Project("{2150E333-8FDC-42A3-9474-1A3956D46DE8}") = "src", "src", "{744218A9-1AE8-4F6B-B05A-84C9939D8E3C}"
EndProject
Project("{9A19103F-16F7-4668-BE54-9A1E7A4F7556}") = "Play.Inventory.Service", "src\Play.Inventory.Service\Play.Inventory.Service.csproj", "{03166DFC-07C0-4272-B789-13E22E60B6ED}"
EndProject
Global
	GlobalSection(SolutionConfigurationPlatforms) = preSolution
		Debug|Any CPU = Debug|Any CPU
		Release|Any CPU = Release|Any CPU
	EndGlobalSection
	GlobalSection(ProjectConfigurationPlatforms) = postSolution
		{03166DFC-07C0-4272-B789-13E22E60B6ED}.Debug|Any CPU.ActiveCfg = Debug|Any CPU
		{03166DFC-07C0-4272-B789-13E22E60B6ED}.Debug|Any CPU.Build.0 = Debug|Any CPU
		{03166DFC-07C0-4272-B789-13E22E60B6ED}.Release|Any CPU.ActiveCfg = Release|Any CPU
		{03166DFC-07C0-4272-B789-13E22E60B6ED}.Release|Any CPU.Build.0 = Release|Any CPU
	EndGlobalSection
	GlobalSection(SolutionProperties) = preSolution
		HideSolutionNode = FALSE
	EndGlobalSection
	GlobalSection(NestedProjects) = preSolution
		{03166DFC-07C0-4272-B789-13E22E60B6ED} = {744218A9-1AE8-4F6B-B05A-84C9939D8E3C}
	EndGlobalSection
	GlobalSection(ExtensibilityGlobals) = postSolution
		SolutionGuid = {79C11906-9EEC-49DC-8C9E-26171315685F}
	EndGlobalSection
EndGlobal
